// !$*UTF8*$!
{
	archiveVersion = 1;
	classes = {
	};
	objectVersion = 50;
	objects = {

/* Begin PBXBuildFile section */
		43736D7F2652280700CE4368 /* AppDelegate.swift in Sources */ = {isa = PBXBuildFile; fileRef = 43736D7E2652280700CE4368 /* AppDelegate.swift */; };
		43736D812652280700CE4368 /* SceneDelegate.swift in Sources */ = {isa = PBXBuildFile; fileRef = 43736D802652280700CE4368 /* SceneDelegate.swift */; };
		43736D832652280700CE4368 /* ContentView.swift in Sources */ = {isa = PBXBuildFile; fileRef = 43736D822652280700CE4368 /* ContentView.swift */; };
		43736D852652280900CE4368 /* Assets.xcassets in Resources */ = {isa = PBXBuildFile; fileRef = 43736D842652280900CE4368 /* Assets.xcassets */; };
		43736D882652280900CE4368 /* Preview Assets.xcassets in Resources */ = {isa = PBXBuildFile; fileRef = 43736D872652280900CE4368 /* Preview Assets.xcassets */; };
		43736D8B2652280900CE4368 /* LaunchScreen.storyboard in Resources */ = {isa = PBXBuildFile; fileRef = 43736D892652280900CE4368 /* LaunchScreen.storyboard */; };
		43A601CD265267C000B24B9D /* BforBankTests.swift in Sources */ = {isa = PBXBuildFile; fileRef = 43A601CC265267C000B24B9D /* BforBankTests.swift */; };
		8AE666CC2CC92C3200F5CC37 /* HometCoordinator.swift in Sources */ = {isa = PBXBuildFile; fileRef = 8AE666CB2CC92C3200F5CC37 /* HometCoordinator.swift */; };
		8AE666CF2CC92D3600F5CC37 /* HomeView.swift in Sources */ = {isa = PBXBuildFile; fileRef = 8AE666CE2CC92D3600F5CC37 /* HomeView.swift */; };
		8AE666D12CC92D4F00F5CC37 /* HomeViewModel.swift in Sources */ = {isa = PBXBuildFile; fileRef = 8AE666D02CC92D4F00F5CC37 /* HomeViewModel.swift */; };
		8AE666D62CC93C4900F5CC37 /* home.xcassets in Resources */ = {isa = PBXBuildFile; fileRef = 8AE666D52CC93C4900F5CC37 /* home.xcassets */; };
		8AE666DA2CC95C2600F5CC37 /* UnderlineTextFieldView.swift in Sources */ = {isa = PBXBuildFile; fileRef = 8AE666D92CC95C2600F5CC37 /* UnderlineTextFieldView.swift */; };
		8AE666DF2CC9618600F5CC37 /* HomeButtonView.swift in Sources */ = {isa = PBXBuildFile; fileRef = 8AE666DE2CC9618500F5CC37 /* HomeButtonView.swift */; };
/* End PBXBuildFile section */

/* Begin PBXContainerItemProxy section */
		43A601CF265267C000B24B9D /* PBXContainerItemProxy */ = {
			isa = PBXContainerItemProxy;
			containerPortal = 43736D732652280700CE4368 /* Project object */;
			proxyType = 1;
			remoteGlobalIDString = 43736D7A2652280700CE4368;
			remoteInfo = "SwiftUI-MVVM-C";
		};
/* End PBXContainerItemProxy section */

/* Begin PBXFileReference section */
		43736D7B2652280700CE4368 /* BforBank.app */ = {isa = PBXFileReference; explicitFileType = wrapper.application; includeInIndex = 0; path = BforBank.app; sourceTree = BUILT_PRODUCTS_DIR; };
		43736D7E2652280700CE4368 /* AppDelegate.swift */ = {isa = PBXFileReference; lastKnownFileType = sourcecode.swift; path = AppDelegate.swift; sourceTree = "<group>"; };
		43736D802652280700CE4368 /* SceneDelegate.swift */ = {isa = PBXFileReference; lastKnownFileType = sourcecode.swift; path = SceneDelegate.swift; sourceTree = "<group>"; };
		43736D822652280700CE4368 /* ContentView.swift */ = {isa = PBXFileReference; lastKnownFileType = sourcecode.swift; path = ContentView.swift; sourceTree = "<group>"; };
		43736D842652280900CE4368 /* Assets.xcassets */ = {isa = PBXFileReference; lastKnownFileType = folder.assetcatalog; path = Assets.xcassets; sourceTree = "<group>"; };
		43736D872652280900CE4368 /* Preview Assets.xcassets */ = {isa = PBXFileReference; lastKnownFileType = folder.assetcatalog; path = "Preview Assets.xcassets"; sourceTree = "<group>"; };
		43736D8A2652280900CE4368 /* Base */ = {isa = PBXFileReference; lastKnownFileType = file.storyboard; name = Base; path = Base.lproj/LaunchScreen.storyboard; sourceTree = "<group>"; };
		43736D8C2652280900CE4368 /* Info.plist */ = {isa = PBXFileReference; lastKnownFileType = text.plist.xml; path = Info.plist; sourceTree = "<group>"; };
		43A601CA265267C000B24B9D /* BforBankTests.xctest */ = {isa = PBXFileReference; explicitFileType = wrapper.cfbundle; includeInIndex = 0; path = BforBankTests.xctest; sourceTree = BUILT_PRODUCTS_DIR; };
		43A601CC265267C000B24B9D /* BforBankTests.swift */ = {isa = PBXFileReference; lastKnownFileType = sourcecode.swift; path = BforBankTests.swift; sourceTree = "<group>"; };
		43A601CE265267C000B24B9D /* Info.plist */ = {isa = PBXFileReference; lastKnownFileType = text.plist.xml; path = Info.plist; sourceTree = "<group>"; };
		8AE666CB2CC92C3200F5CC37 /* HometCoordinator.swift */ = {isa = PBXFileReference; lastKnownFileType = sourcecode.swift; path = HometCoordinator.swift; sourceTree = "<group>"; };
		8AE666CE2CC92D3600F5CC37 /* HomeView.swift */ = {isa = PBXFileReference; lastKnownFileType = sourcecode.swift; path = HomeView.swift; sourceTree = "<group>"; };
		8AE666D02CC92D4F00F5CC37 /* HomeViewModel.swift */ = {isa = PBXFileReference; lastKnownFileType = sourcecode.swift; path = HomeViewModel.swift; sourceTree = "<group>"; };
		8AE666D52CC93C4900F5CC37 /* home.xcassets */ = {isa = PBXFileReference; lastKnownFileType = folder.assetcatalog; path = home.xcassets; sourceTree = "<group>"; };
		8AE666D92CC95C2600F5CC37 /* UnderlineTextFieldView.swift */ = {isa = PBXFileReference; lastKnownFileType = sourcecode.swift; path = UnderlineTextFieldView.swift; sourceTree = "<group>"; };
		8AE666DE2CC9618500F5CC37 /* HomeButtonView.swift */ = {isa = PBXFileReference; fileEncoding = 4; lastKnownFileType = sourcecode.swift; path = HomeButtonView.swift; sourceTree = "<group>"; };
/* End PBXFileReference section */

/* Begin PBXFrameworksBuildPhase section */
		43736D782652280700CE4368 /* Frameworks */ = {
			isa = PBXFrameworksBuildPhase;
			buildActionMask = 2147483647;
			files = (
			);
			runOnlyForDeploymentPostprocessing = 0;
		};
		43A601C7265267C000B24B9D /* Frameworks */ = {
			isa = PBXFrameworksBuildPhase;
			buildActionMask = 2147483647;
			files = (
			);
			runOnlyForDeploymentPostprocessing = 0;
		};
/* End PBXFrameworksBuildPhase section */

/* Begin PBXGroup section */
		43736D722652280700CE4368 = {
			isa = PBXGroup;
			children = (
				43736D7D2652280700CE4368 /* BforBank */,
				43A601CB265267C000B24B9D /* BforBankTests */,
				43736D7C2652280700CE4368 /* Products */,
			);
			sourceTree = "<group>";
		};
		43736D7C2652280700CE4368 /* Products */ = {
			isa = PBXGroup;
			children = (
				43736D7B2652280700CE4368 /* BforBank.app */,
				43A601CA265267C000B24B9D /* BforBankTests.xctest */,
			);
			name = Products;
			sourceTree = "<group>";
		};
		43736D7D2652280700CE4368 /* BforBank */ = {
			isa = PBXGroup;
			children = (
				8AE666C92CC92BD600F5CC37 /* View */,
				8AE666C82CC92BC900F5CC37 /* Models */,
				8AE666C72CC92BC000F5CC37 /* Data */,
				43736D7E2652280700CE4368 /* AppDelegate.swift */,
				43736D802652280700CE4368 /* SceneDelegate.swift */,
				43736D822652280700CE4368 /* ContentView.swift */,
				43736D842652280900CE4368 /* Assets.xcassets */,
				43736D892652280900CE4368 /* LaunchScreen.storyboard */,
				43736D8C2652280900CE4368 /* Info.plist */,
				43736D862652280900CE4368 /* Preview Content */,
			);
			path = BforBank;
			sourceTree = "<group>";
		};
		43736D862652280900CE4368 /* Preview Content */ = {
			isa = PBXGroup;
			children = (
				43736D872652280900CE4368 /* Preview Assets.xcassets */,
			);
			path = "Preview Content";
			sourceTree = "<group>";
		};
		43A601CB265267C000B24B9D /* BforBankTests */ = {
			isa = PBXGroup;
			children = (
				43A601CC265267C000B24B9D /* BforBankTests.swift */,
				43A601CE265267C000B24B9D /* Info.plist */,
			);
			path = BforBankTests;
			sourceTree = "<group>";
		};
		8AE666C72CC92BC000F5CC37 /* Data */ = {
			isa = PBXGroup;
			children = (
			);
			path = Data;
			sourceTree = "<group>";
		};
		8AE666C82CC92BC900F5CC37 /* Models */ = {
			isa = PBXGroup;
			children = (
			);
			path = Models;
			sourceTree = "<group>";
		};
		8AE666C92CC92BD600F5CC37 /* View */ = {
			isa = PBXGroup;
			children = (
				8AE666D72CC95C0A00F5CC37 /* Commun */,
				8AE666CA2CC92BF700F5CC37 /* Home */,
			);
			path = View;
			sourceTree = "<group>";
		};
		8AE666CA2CC92BF700F5CC37 /* Home */ = {
			isa = PBXGroup;
			children = (
				8AE666CD2CC92D0900F5CC37 /* HomeView */,
				8AE666CB2CC92C3200F5CC37 /* HometCoordinator.swift */,
				8AE666D52CC93C4900F5CC37 /* home.xcassets */,
			);
			path = Home;
			sourceTree = "<group>";
		};
		8AE666CD2CC92D0900F5CC37 /* HomeView */ = {
			isa = PBXGroup;
			children = (
				8AE666CE2CC92D3600F5CC37 /* HomeView.swift */,
				8AE666D02CC92D4F00F5CC37 /* HomeViewModel.swift */,
			);
			path = HomeView;
			sourceTree = "<group>";
		};
		8AE666D72CC95C0A00F5CC37 /* Commun */ = {
			isa = PBXGroup;
			children = (
				8AE666DB2CC9615100F5CC37 /* ButtonView */,
				8AE666D82CC95C1900F5CC37 /* UnderlineTextFieldView */,
			);
			path = Commun;
			sourceTree = "<group>";
		};
		8AE666D82CC95C1900F5CC37 /* UnderlineTextFieldView */ = {
			isa = PBXGroup;
			children = (
				8AE666D92CC95C2600F5CC37 /* UnderlineTextFieldView.swift */,
			);
			path = UnderlineTextFieldView;
			sourceTree = "<group>";
		};
		8AE666DB2CC9615100F5CC37 /* ButtonView */ = {
			isa = PBXGroup;
			children = (
				8AE666DE2CC9618500F5CC37 /* HomeButtonView.swift */,
			);
			path = ButtonView;
			sourceTree = "<group>";
		};
/* End PBXGroup section */

/* Begin PBXNativeTarget section */
		43736D7A2652280700CE4368 /* BforBank */ = {
			isa = PBXNativeTarget;
			buildConfigurationList = 43736D8F2652280900CE4368 /* Build configuration list for PBXNativeTarget "BforBank" */;
			buildPhases = (
				43736D772652280700CE4368 /* Sources */,
				43736D782652280700CE4368 /* Frameworks */,
				43736D792652280700CE4368 /* Resources */,
			);
			buildRules = (
			);
			dependencies = (
			);
			name = BforBank;
			packageProductDependencies = (
			);
			productName = "SwiftUI-MVVM-C";
			productReference = 43736D7B2652280700CE4368 /* BforBank.app */;
			productType = "com.apple.product-type.application";
		};
		43A601C9265267C000B24B9D /* BforBankTests */ = {
			isa = PBXNativeTarget;
			buildConfigurationList = 43A601D3265267C100B24B9D /* Build configuration list for PBXNativeTarget "BforBankTests" */;
			buildPhases = (
				43A601C6265267C000B24B9D /* Sources */,
				43A601C7265267C000B24B9D /* Frameworks */,
				43A601C8265267C000B24B9D /* Resources */,
			);
			buildRules = (
			);
			dependencies = (
				43A601D0265267C000B24B9D /* PBXTargetDependency */,
			);
			name = BforBankTests;
			productName = "SwiftUI-MVVM-CTests";
			productReference = 43A601CA265267C000B24B9D /* BforBankTests.xctest */;
			productType = "com.apple.product-type.bundle.unit-test";
		};
/* End PBXNativeTarget section */

/* Begin PBXProject section */
		43736D732652280700CE4368 /* Project object */ = {
			isa = PBXProject;
			attributes = {
				LastSwiftUpdateCheck = 1220;
				LastUpgradeCheck = 1220;
				TargetAttributes = {
					43736D7A2652280700CE4368 = {
						CreatedOnToolsVersion = 12.2;
					};
					43A601C9265267C000B24B9D = {
						CreatedOnToolsVersion = 12.2;
						TestTargetID = 43736D7A2652280700CE4368;
					};
				};
			};
			buildConfigurationList = 43736D762652280700CE4368 /* Build configuration list for PBXProject "BforBank" */;
			compatibilityVersion = "Xcode 9.3";
			developmentRegion = en;
			hasScannedForEncodings = 0;
			knownRegions = (
				en,
				Base,
			);
			mainGroup = 43736D722652280700CE4368;
			packageReferences = (
			);
			productRefGroup = 43736D7C2652280700CE4368 /* Products */;
			projectDirPath = "";
			projectRoot = "";
			targets = (
				43736D7A2652280700CE4368 /* BforBank */,
				43A601C9265267C000B24B9D /* BforBankTests */,
			);
		};
/* End PBXProject section */

/* Begin PBXResourcesBuildPhase section */
		43736D792652280700CE4368 /* Resources */ = {
			isa = PBXResourcesBuildPhase;
			buildActionMask = 2147483647;
			files = (
				43736D8B2652280900CE4368 /* LaunchScreen.storyboard in Resources */,
				43736D882652280900CE4368 /* Preview Assets.xcassets in Resources */,
				8AE666D62CC93C4900F5CC37 /* home.xcassets in Resources */,
				43736D852652280900CE4368 /* Assets.xcassets in Resources */,
			);
			runOnlyForDeploymentPostprocessing = 0;
		};
		43A601C8265267C000B24B9D /* Resources */ = {
			isa = PBXResourcesBuildPhase;
			buildActionMask = 2147483647;
			files = (
			);
			runOnlyForDeploymentPostprocessing = 0;
		};
/* End PBXResourcesBuildPhase section */

/* Begin PBXSourcesBuildPhase section */
		43736D772652280700CE4368 /* Sources */ = {
			isa = PBXSourcesBuildPhase;
			buildActionMask = 2147483647;
			files = (
				43736D7F2652280700CE4368 /* AppDelegate.swift in Sources */,
				8AE666DA2CC95C2600F5CC37 /* UnderlineTextFieldView.swift in Sources */,
				8AE666D12CC92D4F00F5CC37 /* HomeViewModel.swift in Sources */,
				43736D812652280700CE4368 /* SceneDelegate.swift in Sources */,
				8AE666CC2CC92C3200F5CC37 /* HometCoordinator.swift in Sources */,
				8AE666DF2CC9618600F5CC37 /* HomeButtonView.swift in Sources */,
				8AE666CF2CC92D3600F5CC37 /* HomeView.swift in Sources */,
				43736D832652280700CE4368 /* ContentView.swift in Sources */,
			);
			runOnlyForDeploymentPostprocessing = 0;
		};
		43A601C6265267C000B24B9D /* Sources */ = {
			isa = PBXSourcesBuildPhase;
			buildActionMask = 2147483647;
			files = (
				43A601CD265267C000B24B9D /* BforBankTests.swift in Sources */,
			);
			runOnlyForDeploymentPostprocessing = 0;
		};
/* End PBXSourcesBuildPhase section */

/* Begin PBXTargetDependency section */
		43A601D0265267C000B24B9D /* PBXTargetDependency */ = {
			isa = PBXTargetDependency;
			target = 43736D7A2652280700CE4368 /* BforBank */;
			targetProxy = 43A601CF265267C000B24B9D /* PBXContainerItemProxy */;
		};
/* End PBXTargetDependency section */

/* Begin PBXVariantGroup section */
		43736D892652280900CE4368 /* LaunchScreen.storyboard */ = {
			isa = PBXVariantGroup;
			children = (
				43736D8A2652280900CE4368 /* Base */,
			);
			name = LaunchScreen.storyboard;
			sourceTree = "<group>";
		};
/* End PBXVariantGroup section */

/* Begin XCBuildConfiguration section */
		43736D8D2652280900CE4368 /* Debug */ = {
			isa = XCBuildConfiguration;
			buildSettings = {
				ALWAYS_SEARCH_USER_PATHS = NO;
				CLANG_ANALYZER_NONNULL = YES;
				CLANG_ANALYZER_NUMBER_OBJECT_CONVERSION = YES_AGGRESSIVE;
				CLANG_CXX_LANGUAGE_STANDARD = "gnu++14";
				CLANG_CXX_LIBRARY = "libc++";
				CLANG_ENABLE_MODULES = YES;
				CLANG_ENABLE_OBJC_ARC = YES;
				CLANG_ENABLE_OBJC_WEAK = YES;
				CLANG_WARN_BLOCK_CAPTURE_AUTORELEASING = YES;
				CLANG_WARN_BOOL_CONVERSION = YES;
				CLANG_WARN_COMMA = YES;
				CLANG_WARN_CONSTANT_CONVERSION = YES;
				CLANG_WARN_DEPRECATED_OBJC_IMPLEMENTATIONS = YES;
				CLANG_WARN_DIRECT_OBJC_ISA_USAGE = YES_ERROR;
				CLANG_WARN_DOCUMENTATION_COMMENTS = YES;
				CLANG_WARN_EMPTY_BODY = YES;
				CLANG_WARN_ENUM_CONVERSION = YES;
				CLANG_WARN_INFINITE_RECURSION = YES;
				CLANG_WARN_INT_CONVERSION = YES;
				CLANG_WARN_NON_LITERAL_NULL_CONVERSION = YES;
				CLANG_WARN_OBJC_IMPLICIT_RETAIN_SELF = YES;
				CLANG_WARN_OBJC_LITERAL_CONVERSION = YES;
				CLANG_WARN_OBJC_ROOT_CLASS = YES_ERROR;
				CLANG_WARN_QUOTED_INCLUDE_IN_FRAMEWORK_HEADER = YES;
				CLANG_WARN_RANGE_LOOP_ANALYSIS = YES;
				CLANG_WARN_STRICT_PROTOTYPES = YES;
				CLANG_WARN_SUSPICIOUS_MOVE = YES;
				CLANG_WARN_UNGUARDED_AVAILABILITY = YES_AGGRESSIVE;
				CLANG_WARN_UNREACHABLE_CODE = YES;
				CLANG_WARN__DUPLICATE_METHOD_MATCH = YES;
				COPY_PHASE_STRIP = NO;
				DEBUG_INFORMATION_FORMAT = dwarf;
				ENABLE_STRICT_OBJC_MSGSEND = YES;
				ENABLE_TESTABILITY = YES;
				GCC_C_LANGUAGE_STANDARD = gnu11;
				GCC_DYNAMIC_NO_PIC = NO;
				GCC_NO_COMMON_BLOCKS = YES;
				GCC_OPTIMIZATION_LEVEL = 0;
				GCC_PREPROCESSOR_DEFINITIONS = (
					"DEBUG=1",
					"$(inherited)",
				);
				GCC_WARN_64_TO_32_BIT_CONVERSION = YES;
				GCC_WARN_ABOUT_RETURN_TYPE = YES_ERROR;
				GCC_WARN_UNDECLARED_SELECTOR = YES;
				GCC_WARN_UNINITIALIZED_AUTOS = YES_AGGRESSIVE;
				GCC_WARN_UNUSED_FUNCTION = YES;
				GCC_WARN_UNUSED_VARIABLE = YES;
				IPHONEOS_DEPLOYMENT_TARGET = 14.2;
				MTL_ENABLE_DEBUG_INFO = INCLUDE_SOURCE;
				MTL_FAST_MATH = YES;
				ONLY_ACTIVE_ARCH = YES;
				SDKROOT = iphoneos;
				SWIFT_ACTIVE_COMPILATION_CONDITIONS = DEBUG;
				SWIFT_OPTIMIZATION_LEVEL = "-Onone";
			};
			name = Debug;
		};
		43736D8E2652280900CE4368 /* Release */ = {
			isa = XCBuildConfiguration;
			buildSettings = {
				ALWAYS_SEARCH_USER_PATHS = NO;
				CLANG_ANALYZER_NONNULL = YES;
				CLANG_ANALYZER_NUMBER_OBJECT_CONVERSION = YES_AGGRESSIVE;
				CLANG_CXX_LANGUAGE_STANDARD = "gnu++14";
				CLANG_CXX_LIBRARY = "libc++";
				CLANG_ENABLE_MODULES = YES;
				CLANG_ENABLE_OBJC_ARC = YES;
				CLANG_ENABLE_OBJC_WEAK = YES;
				CLANG_WARN_BLOCK_CAPTURE_AUTORELEASING = YES;
				CLANG_WARN_BOOL_CONVERSION = YES;
				CLANG_WARN_COMMA = YES;
				CLANG_WARN_CONSTANT_CONVERSION = YES;
				CLANG_WARN_DEPRECATED_OBJC_IMPLEMENTATIONS = YES;
				CLANG_WARN_DIRECT_OBJC_ISA_USAGE = YES_ERROR;
				CLANG_WARN_DOCUMENTATION_COMMENTS = YES;
				CLANG_WARN_EMPTY_BODY = YES;
				CLANG_WARN_ENUM_CONVERSION = YES;
				CLANG_WARN_INFINITE_RECURSION = YES;
				CLANG_WARN_INT_CONVERSION = YES;
				CLANG_WARN_NON_LITERAL_NULL_CONVERSION = YES;
				CLANG_WARN_OBJC_IMPLICIT_RETAIN_SELF = YES;
				CLANG_WARN_OBJC_LITERAL_CONVERSION = YES;
				CLANG_WARN_OBJC_ROOT_CLASS = YES_ERROR;
				CLANG_WARN_QUOTED_INCLUDE_IN_FRAMEWORK_HEADER = YES;
				CLANG_WARN_RANGE_LOOP_ANALYSIS = YES;
				CLANG_WARN_STRICT_PROTOTYPES = YES;
				CLANG_WARN_SUSPICIOUS_MOVE = YES;
				CLANG_WARN_UNGUARDED_AVAILABILITY = YES_AGGRESSIVE;
				CLANG_WARN_UNREACHABLE_CODE = YES;
				CLANG_WARN__DUPLICATE_METHOD_MATCH = YES;
				COPY_PHASE_STRIP = NO;
				DEBUG_INFORMATION_FORMAT = "dwarf-with-dsym";
				ENABLE_NS_ASSERTIONS = NO;
				ENABLE_STRICT_OBJC_MSGSEND = YES;
				GCC_C_LANGUAGE_STANDARD = gnu11;
				GCC_NO_COMMON_BLOCKS = YES;
				GCC_WARN_64_TO_32_BIT_CONVERSION = YES;
				GCC_WARN_ABOUT_RETURN_TYPE = YES_ERROR;
				GCC_WARN_UNDECLARED_SELECTOR = YES;
				GCC_WARN_UNINITIALIZED_AUTOS = YES_AGGRESSIVE;
				GCC_WARN_UNUSED_FUNCTION = YES;
				GCC_WARN_UNUSED_VARIABLE = YES;
				IPHONEOS_DEPLOYMENT_TARGET = 14.2;
				MTL_ENABLE_DEBUG_INFO = NO;
				MTL_FAST_MATH = YES;
				SDKROOT = iphoneos;
				SWIFT_COMPILATION_MODE = wholemodule;
				SWIFT_OPTIMIZATION_LEVEL = "-O";
				VALIDATE_PRODUCT = YES;
			};
			name = Release;
		};
		43736D902652280900CE4368 /* Debug */ = {
			isa = XCBuildConfiguration;
			buildSettings = {
				ASSETCATALOG_COMPILER_APPICON_NAME = AppIcon;
				ASSETCATALOG_COMPILER_GLOBAL_ACCENT_COLOR_NAME = AccentColor;
				CODE_SIGN_STYLE = Automatic;
				DEVELOPMENT_ASSET_PATHS = "\"BforBank/Preview Content\"";
				DEVELOPMENT_TEAM = "";
				ENABLE_PREVIEWS = YES;
				INFOPLIST_FILE = BforBank/Info.plist;
				IPHONEOS_DEPLOYMENT_TARGET = 15.0;
				LD_RUNPATH_SEARCH_PATHS = (
					"$(inherited)",
					"@executable_path/Frameworks",
				);
				PRODUCT_BUNDLE_IDENTIFIER = com.nch.BforBank;
				PRODUCT_NAME = "$(TARGET_NAME)";
				SWIFT_VERSION = 5.0;
				TARGETED_DEVICE_FAMILY = "1,2";
			};
			name = Debug;
		};
		43736D912652280900CE4368 /* Release */ = {
			isa = XCBuildConfiguration;
			buildSettings = {
				ASSETCATALOG_COMPILER_APPICON_NAME = AppIcon;
				ASSETCATALOG_COMPILER_GLOBAL_ACCENT_COLOR_NAME = AccentColor;
				CODE_SIGN_STYLE = Automatic;
				DEVELOPMENT_ASSET_PATHS = "\"BforBank/Preview Content\"";
				DEVELOPMENT_TEAM = "";
				ENABLE_PREVIEWS = YES;
				INFOPLIST_FILE = BforBank/Info.plist;
				IPHONEOS_DEPLOYMENT_TARGET = 15.0;
				LD_RUNPATH_SEARCH_PATHS = (
					"$(inherited)",
					"@executable_path/Frameworks",
				);
				PRODUCT_BUNDLE_IDENTIFIER = com.nch.BforBank;
				PRODUCT_NAME = "$(TARGET_NAME)";
				SWIFT_VERSION = 5.0;
				TARGETED_DEVICE_FAMILY = "1,2";
			};
			name = Release;
		};
		43A601D1265267C000B24B9D /* Debug */ = {
			isa = XCBuildConfiguration;
			buildSettings = {
				BUNDLE_LOADER = "$(TEST_HOST)";
				CODE_SIGN_STYLE = Automatic;
				DEVELOPMENT_TEAM = "";
				INFOPLIST_FILE = BforBankTests/Info.plist;
				LD_RUNPATH_SEARCH_PATHS = (
					"$(inherited)",
					"@executable_path/Frameworks",
					"@loader_path/Frameworks",
				);
				PRODUCT_BUNDLE_IDENTIFIER = com.nch.BforBankTests;
				PRODUCT_NAME = "$(TARGET_NAME)";
				SWIFT_VERSION = 5.0;
				TARGETED_DEVICE_FAMILY = "1,2";
				TEST_HOST = "$(BUILT_PRODUCTS_DIR)/BforBank.app/BforBank";
			};
			name = Debug;
		};
		43A601D2265267C000B24B9D /* Release */ = {
			isa = XCBuildConfiguration;
			buildSettings = {
				BUNDLE_LOADER = "$(TEST_HOST)";
				CODE_SIGN_STYLE = Automatic;
				DEVELOPMENT_TEAM = "";
				INFOPLIST_FILE = BforBankTests/Info.plist;
				LD_RUNPATH_SEARCH_PATHS = (
					"$(inherited)",
					"@executable_path/Frameworks",
					"@loader_path/Frameworks",
				);
				PRODUCT_BUNDLE_IDENTIFIER = com.nch.BforBankTests;
				PRODUCT_NAME = "$(TARGET_NAME)";
				SWIFT_VERSION = 5.0;
				TARGETED_DEVICE_FAMILY = "1,2";
				TEST_HOST = "$(BUILT_PRODUCTS_DIR)/BforBank.app/BforBank";
			};
			name = Release;
		};
/* End XCBuildConfiguration section */

/* Begin XCConfigurationList section */
		43736D762652280700CE4368 /* Build configuration list for PBXProject "BforBank" */ = {
			isa = XCConfigurationList;
			buildConfigurations = (
				43736D8D2652280900CE4368 /* Debug */,
				43736D8E2652280900CE4368 /* Release */,
			);
			defaultConfigurationIsVisible = 0;
			defaultConfigurationName = Release;
		};
		43736D8F2652280900CE4368 /* Build configuration list for PBXNativeTarget "BforBank" */ = {
			isa = XCConfigurationList;
			buildConfigurations = (
				43736D902652280900CE4368 /* Debug */,
				43736D912652280900CE4368 /* Release */,
			);
			defaultConfigurationIsVisible = 0;
			defaultConfigurationName = Release;
		};
		43A601D3265267C100B24B9D /* Build configuration list for PBXNativeTarget "BforBankTests" */ = {
			isa = XCConfigurationList;
			buildConfigurations = (
				43A601D1265267C000B24B9D /* Debug */,
				43A601D2265267C000B24B9D /* Release */,
			);
			defaultConfigurationIsVisible = 0;
			defaultConfigurationName = Release;
		};
/* End XCConfigurationList section */
	};
	rootObject = 43736D732652280700CE4368 /* Project object */;
}
